# This file is automatically @generated by Cargo.
# It is not intended for manual editing.
[[package]]
name = "bitflags"
version = "1.2.1"
source = "registry+https://github.com/rust-lang/crates.io-index"
checksum = "cf1de2fe8c75bc145a2f577add951f8134889b4795d47466a54a5c846d691693"

[[package]]
name = "rust-gba-pong"
version = "0.1.0"
dependencies = [
 "bitflags",
 "voladdress",
]

[[package]]
name = "voladdress"
version = "0.3.0"
source = "registry+https://github.com/rust-lang/crates.io-index"
checksum = "91790a8b3909597b3425774ca6666220404291d09df7219c79951f09581b3143"
